// !$*UTF8*$!
{
	archiveVersion = 1;
	classes = {
	};
	objectVersion = 48;
	objects = {

/* Begin PBXBuildFile section */
		AE759ECE1FE8AB530086298D /* AppDelegate.m in Sources */ = {isa = PBXBuildFile; fileRef = AE759ECD1FE8AB530086298D /* AppDelegate.m */; };
		AE759ED11FE8AB530086298D /* ViewController.m in Sources */ = {isa = PBXBuildFile; fileRef = AE759ED01FE8AB530086298D /* ViewController.m */; };
		AE759ED41FE8AB530086298D /* Main.storyboard in Resources */ = {isa = PBXBuildFile; fileRef = AE759ED21FE8AB530086298D /* Main.storyboard */; };
		AE759ED61FE8AB530086298D /* Assets.xcassets in Resources */ = {isa = PBXBuildFile; fileRef = AE759ED51FE8AB530086298D /* Assets.xcassets */; };
		AE759ED91FE8AB530086298D /* LaunchScreen.storyboard in Resources */ = {isa = PBXBuildFile; fileRef = AE759ED71FE8AB530086298D /* LaunchScreen.storyboard */; };
		AE759EDC1FE8AB530086298D /* main.m in Sources */ = {isa = PBXBuildFile; fileRef = AE759EDB1FE8AB530086298D /* main.m */; };
		AE759EE91FE8AC050086298D /* 建造者模式.png in Resources */ = {isa = PBXBuildFile; fileRef = AE759EE11FE8AC050086298D /* 建造者模式.png */; };
		AE759EEE1FE8AEC30086298D /* YNormalComputerBuilder.m in Sources */ = {isa = PBXBuildFile; fileRef = AE759EED1FE8AEC30086298D /* YNormalComputerBuilder.m */; };
		AE759EF41FE8AEE20086298D /* YComputer.m in Sources */ = {isa = PBXBuildFile; fileRef = AE759EF31FE8AEE20086298D /* YComputer.m */; };
		AE759EF71FE8AF0A0086298D /* YComputerDirector.m in Sources */ = {isa = PBXBuildFile; fileRef = AE759EF61FE8AF0A0086298D /* YComputerDirector.m */; };
		AE759EFA1FE8B4AF0086298D /* YAdvancedComputerBuilder.m in Sources */ = {isa = PBXBuildFile; fileRef = AE759EF91FE8B4AF0086298D /* YAdvancedComputerBuilder.m */; };
		AE969B8E1FE5138C00B1FA97 /* YBenzSuvCar.m in Sources */ = {isa = PBXBuildFile; fileRef = AE969B831FE5138C00B1FA97 /* YBenzSuvCar.m */; };
		AE969B8F1FE5138C00B1FA97 /* YAudiSuvCar.m in Sources */ = {isa = PBXBuildFile; fileRef = AE969B841FE5138C00B1FA97 /* YAudiSuvCar.m */; };
		AE969B901FE5138C00B1FA97 /* YBenzMpvCar.m in Sources */ = {isa = PBXBuildFile; fileRef = AE969B8A1FE5138C00B1FA97 /* YBenzMpvCar.m */; };
		AE969B911FE5138C00B1FA97 /* YAudiMpvCar.m in Sources */ = {isa = PBXBuildFile; fileRef = AE969B8D1FE5138C00B1FA97 /* YAudiMpvCar.m */; };
		AE969B9C1FE51CB700B1FA97 /* YBenzCarFactory.m in Sources */ = {isa = PBXBuildFile; fileRef = AE969B991FE51CB700B1FA97 /* YBenzCarFactory.m */; };
		AE969B9D1FE51CB700B1FA97 /* YAudiCarFactory.m in Sources */ = {isa = PBXBuildFile; fileRef = AE969B9A1FE51CB700B1FA97 /* YAudiCarFactory.m */; };
		AE969B9F1FE5249200B1FA97 /* 抽象工厂模式.png in Resources */ = {isa = PBXBuildFile; fileRef = AE969B9E1FE5249200B1FA97 /* 抽象工厂模式.png */; };
		AEF8D7681FE3BC84004637B9 /* AppDelegate.m in Sources */ = {isa = PBXBuildFile; fileRef = AEF8D7671FE3BC84004637B9 /* AppDelegate.m */; };
		AEF8D76B1FE3BC84004637B9 /* ViewController.m in Sources */ = {isa = PBXBuildFile; fileRef = AEF8D76A1FE3BC84004637B9 /* ViewController.m */; };
		AEF8D76E1FE3BC84004637B9 /* Main.storyboard in Resources */ = {isa = PBXBuildFile; fileRef = AEF8D76C1FE3BC84004637B9 /* Main.storyboard */; };
		AEF8D7701FE3BC84004637B9 /* Assets.xcassets in Resources */ = {isa = PBXBuildFile; fileRef = AEF8D76F1FE3BC84004637B9 /* Assets.xcassets */; };
		AEF8D7731FE3BC84004637B9 /* LaunchScreen.storyboard in Resources */ = {isa = PBXBuildFile; fileRef = AEF8D7711FE3BC84004637B9 /* LaunchScreen.storyboard */; };
		AEF8D7761FE3BC84004637B9 /* main.m in Sources */ = {isa = PBXBuildFile; fileRef = AEF8D7751FE3BC84004637B9 /* main.m */; };
		AEF8D7841FE3BC9C004637B9 /* AppDelegate.m in Sources */ = {isa = PBXBuildFile; fileRef = AEF8D7831FE3BC9C004637B9 /* AppDelegate.m */; };
		AEF8D7871FE3BC9C004637B9 /* ViewController.m in Sources */ = {isa = PBXBuildFile; fileRef = AEF8D7861FE3BC9C004637B9 /* ViewController.m */; };
		AEF8D78A1FE3BC9C004637B9 /* Main.storyboard in Resources */ = {isa = PBXBuildFile; fileRef = AEF8D7881FE3BC9C004637B9 /* Main.storyboard */; };
		AEF8D78C1FE3BC9C004637B9 /* Assets.xcassets in Resources */ = {isa = PBXBuildFile; fileRef = AEF8D78B1FE3BC9C004637B9 /* Assets.xcassets */; };
		AEF8D78F1FE3BC9C004637B9 /* LaunchScreen.storyboard in Resources */ = {isa = PBXBuildFile; fileRef = AEF8D78D1FE3BC9C004637B9 /* LaunchScreen.storyboard */; };
		AEF8D7921FE3BC9C004637B9 /* main.m in Sources */ = {isa = PBXBuildFile; fileRef = AEF8D7911FE3BC9C004637B9 /* main.m */; };
		AEF8D7A41FE3BD1E004637B9 /* YCarFactory.m in Sources */ = {isa = PBXBuildFile; fileRef = AEF8D79A1FE3BD1E004637B9 /* YCarFactory.m */; };
		AEF8D7A51FE3BD1E004637B9 /* YLandRover.m in Sources */ = {isa = PBXBuildFile; fileRef = AEF8D79D1FE3BD1E004637B9 /* YLandRover.m */; };
		AEF8D7A61FE3BD1E004637B9 /* YAudi.m in Sources */ = {isa = PBXBuildFile; fileRef = AEF8D79F1FE3BD1E004637B9 /* YAudi.m */; };
		AEF8D7A71FE3BD1E004637B9 /* YBenz.m in Sources */ = {isa = PBXBuildFile; fileRef = AEF8D7A11FE3BD1E004637B9 /* YBenz.m */; };
		AEF8D7A91FE3BE3D004637B9 /* 简单工厂模式.png in Resources */ = {isa = PBXBuildFile; fileRef = AEF8D7A81FE3BE3D004637B9 /* 简单工厂模式.png */; };
		AEF8D7B21FE3CF7C004637B9 /* AppDelegate.m in Sources */ = {isa = PBXBuildFile; fileRef = AEF8D7B11FE3CF7C004637B9 /* AppDelegate.m */; };
		AEF8D7B51FE3CF7C004637B9 /* ViewController.m in Sources */ = {isa = PBXBuildFile; fileRef = AEF8D7B41FE3CF7C004637B9 /* ViewController.m */; };
		AEF8D7B81FE3CF7C004637B9 /* Main.storyboard in Resources */ = {isa = PBXBuildFile; fileRef = AEF8D7B61FE3CF7C004637B9 /* Main.storyboard */; };
		AEF8D7BA1FE3CF7C004637B9 /* Assets.xcassets in Resources */ = {isa = PBXBuildFile; fileRef = AEF8D7B91FE3CF7C004637B9 /* Assets.xcassets */; };
		AEF8D7BD1FE3CF7C004637B9 /* LaunchScreen.storyboard in Resources */ = {isa = PBXBuildFile; fileRef = AEF8D7BB1FE3CF7C004637B9 /* LaunchScreen.storyboard */; };
		AEF8D7C01FE3CF7C004637B9 /* main.m in Sources */ = {isa = PBXBuildFile; fileRef = AEF8D7BF1FE3CF7C004637B9 /* main.m */; };
		AEF8D7D11FE3D359004637B9 /* YAudiFactory.m in Sources */ = {isa = PBXBuildFile; fileRef = AEF8D7D01FE3D359004637B9 /* YAudiFactory.m */; };
		AEF8D7D41FE3D36C004637B9 /* YBenzFactory.m in Sources */ = {isa = PBXBuildFile; fileRef = AEF8D7D31FE3D36C004637B9 /* YBenzFactory.m */; };
		AEF8D7D81FE3D3A5004637B9 /* YAudi.m in Sources */ = {isa = PBXBuildFile; fileRef = AEF8D7D71FE3D3A5004637B9 /* YAudi.m */; };
		AEF8D7DB1FE3D3B0004637B9 /* YBenz.m in Sources */ = {isa = PBXBuildFile; fileRef = AEF8D7DA1FE3D3B0004637B9 /* YBenz.m */; };
		AEF8D7DD1FE3EE1D004637B9 /* 工厂方法模式.png in Resources */ = {isa = PBXBuildFile; fileRef = AEF8D7DC1FE3EE1D004637B9 /* 工厂方法模式.png */; };
		AEF8D7E61FE50E4B004637B9 /* AppDelegate.m in Sources */ = {isa = PBXBuildFile; fileRef = AEF8D7E51FE50E4B004637B9 /* AppDelegate.m */; };
		AEF8D7E91FE50E4B004637B9 /* ViewController.m in Sources */ = {isa = PBXBuildFile; fileRef = AEF8D7E81FE50E4B004637B9 /* ViewController.m */; };
		AEF8D7EC1FE50E4B004637B9 /* Main.storyboard in Resources */ = {isa = PBXBuildFile; fileRef = AEF8D7EA1FE50E4B004637B9 /* Main.storyboard */; };
		AEF8D7EE1FE50E4B004637B9 /* Assets.xcassets in Resources */ = {isa = PBXBuildFile; fileRef = AEF8D7ED1FE50E4B004637B9 /* Assets.xcassets */; };
		AEF8D7F11FE50E4B004637B9 /* LaunchScreen.storyboard in Resources */ = {isa = PBXBuildFile; fileRef = AEF8D7EF1FE50E4B004637B9 /* LaunchScreen.storyboard */; };
		AEF8D7F41FE50E4B004637B9 /* main.m in Sources */ = {isa = PBXBuildFile; fileRef = AEF8D7F31FE50E4B004637B9 /* main.m */; };
/* End PBXBuildFile section */

/* Begin PBXFileReference section */
		AE759ECA1FE8AB530086298D /* 04_建造者模式.app */ = {isa = PBXFileReference; explicitFileType = wrapper.application; includeInIndex = 0; path = "04_建造者模式.app"; sourceTree = BUILT_PRODUCTS_DIR; };
		AE759ECC1FE8AB530086298D /* AppDelegate.h */ = {isa = PBXFileReference; lastKnownFileType = sourcecode.c.h; path = AppDelegate.h; sourceTree = "<group>"; };
		AE759ECD1FE8AB530086298D /* AppDelegate.m */ = {isa = PBXFileReference; lastKnownFileType = sourcecode.c.objc; path = AppDelegate.m; sourceTree = "<group>"; };
		AE759ECF1FE8AB530086298D /* ViewController.h */ = {isa = PBXFileReference; lastKnownFileType = sourcecode.c.h; path = ViewController.h; sourceTree = "<group>"; };
		AE759ED01FE8AB530086298D /* ViewController.m */ = {isa = PBXFileReference; lastKnownFileType = sourcecode.c.objc; path = ViewController.m; sourceTree = "<group>"; };
		AE759ED31FE8AB530086298D /* Base */ = {isa = PBXFileReference; lastKnownFileType = file.storyboard; name = Base; path = Base.lproj/Main.storyboard; sourceTree = "<group>"; };
		AE759ED51FE8AB530086298D /* Assets.xcassets */ = {isa = PBXFileReference; lastKnownFileType = folder.assetcatalog; path = Assets.xcassets; sourceTree = "<group>"; };
		AE759ED81FE8AB530086298D /* Base */ = {isa = PBXFileReference; lastKnownFileType = file.storyboard; name = Base; path = Base.lproj/LaunchScreen.storyboard; sourceTree = "<group>"; };
		AE759EDA1FE8AB530086298D /* Info.plist */ = {isa = PBXFileReference; lastKnownFileType = text.plist.xml; path = Info.plist; sourceTree = "<group>"; };
		AE759EDB1FE8AB530086298D /* main.m */ = {isa = PBXFileReference; lastKnownFileType = sourcecode.c.objc; path = main.m; sourceTree = "<group>"; };
		AE759EE11FE8AC050086298D /* 建造者模式.png */ = {isa = PBXFileReference; lastKnownFileType = image.png; path = "建造者模式.png"; sourceTree = "<group>"; };
		AE759EEB1FE8AE690086298D /* YAbsComputerBuilder.h */ = {isa = PBXFileReference; lastKnownFileType = sourcecode.c.h; path = YAbsComputerBuilder.h; sourceTree = "<group>"; };
		AE759EEC1FE8AEC30086298D /* YNormalComputerBuilder.h */ = {isa = PBXFileReference; lastKnownFileType = sourcecode.c.h; path = YNormalComputerBuilder.h; sourceTree = "<group>"; };
		AE759EED1FE8AEC30086298D /* YNormalComputerBuilder.m */ = {isa = PBXFileReference; lastKnownFileType = sourcecode.c.objc; path = YNormalComputerBuilder.m; sourceTree = "<group>"; };
		AE759EF21FE8AEE20086298D /* YComputer.h */ = {isa = PBXFileReference; lastKnownFileType = sourcecode.c.h; path = YComputer.h; sourceTree = "<group>"; };
		AE759EF31FE8AEE20086298D /* YComputer.m */ = {isa = PBXFileReference; lastKnownFileType = sourcecode.c.objc; path = YComputer.m; sourceTree = "<group>"; };
		AE759EF51FE8AF0A0086298D /* YComputerDirector.h */ = {isa = PBXFileReference; lastKnownFileType = sourcecode.c.h; path = YComputerDirector.h; sourceTree = "<group>"; };
		AE759EF61FE8AF0A0086298D /* YComputerDirector.m */ = {isa = PBXFileReference; lastKnownFileType = sourcecode.c.objc; path = YComputerDirector.m; sourceTree = "<group>"; };
		AE759EF81FE8B4AF0086298D /* YAdvancedComputerBuilder.h */ = {isa = PBXFileReference; lastKnownFileType = sourcecode.c.h; path = YAdvancedComputerBuilder.h; sourceTree = "<group>"; };
		AE759EF91FE8B4AF0086298D /* YAdvancedComputerBuilder.m */ = {isa = PBXFileReference; lastKnownFileType = sourcecode.c.objc; path = YAdvancedComputerBuilder.m; sourceTree = "<group>"; };
		AE969B801FE5138C00B1FA97 /* YSuvCar.h */ = {isa = PBXFileReference; fileEncoding = 4; lastKnownFileType = sourcecode.c.h; path = YSuvCar.h; sourceTree = "<group>"; };
		AE969B821FE5138C00B1FA97 /* YAudiSuvCar.h */ = {isa = PBXFileReference; fileEncoding = 4; lastKnownFileType = sourcecode.c.h; path = YAudiSuvCar.h; sourceTree = "<group>"; };
		AE969B831FE5138C00B1FA97 /* YBenzSuvCar.m */ = {isa = PBXFileReference; fileEncoding = 4; lastKnownFileType = sourcecode.c.objc; path = YBenzSuvCar.m; sourceTree = "<group>"; };
		AE969B841FE5138C00B1FA97 /* YAudiSuvCar.m */ = {isa = PBXFileReference; fileEncoding = 4; lastKnownFileType = sourcecode.c.objc; path = YAudiSuvCar.m; sourceTree = "<group>"; };
		AE969B851FE5138C00B1FA97 /* YBenzSuvCar.h */ = {isa = PBXFileReference; fileEncoding = 4; lastKnownFileType = sourcecode.c.h; path = YBenzSuvCar.h; sourceTree = "<group>"; };
		AE969B881FE5138C00B1FA97 /* YMpvCar.h */ = {isa = PBXFileReference; fileEncoding = 4; lastKnownFileType = sourcecode.c.h; path = YMpvCar.h; sourceTree = "<group>"; };
		AE969B8A1FE5138C00B1FA97 /* YBenzMpvCar.m */ = {isa = PBXFileReference; fileEncoding = 4; lastKnownFileType = sourcecode.c.objc; path = YBenzMpvCar.m; sourceTree = "<group>"; };
		AE969B8B1FE5138C00B1FA97 /* YAudiMpvCar.h */ = {isa = PBXFileReference; fileEncoding = 4; lastKnownFileType = sourcecode.c.h; path = YAudiMpvCar.h; sourceTree = "<group>"; };
		AE969B8C1FE5138C00B1FA97 /* YBenzMpvCar.h */ = {isa = PBXFileReference; fileEncoding = 4; lastKnownFileType = sourcecode.c.h; path = YBenzMpvCar.h; sourceTree = "<group>"; };
		AE969B8D1FE5138C00B1FA97 /* YAudiMpvCar.m */ = {isa = PBXFileReference; fileEncoding = 4; lastKnownFileType = sourcecode.c.objc; path = YAudiMpvCar.m; sourceTree = "<group>"; };
		AE969B981FE51CB700B1FA97 /* YBenzCarFactory.h */ = {isa = PBXFileReference; fileEncoding = 4; lastKnownFileType = sourcecode.c.h; path = YBenzCarFactory.h; sourceTree = "<group>"; };
		AE969B991FE51CB700B1FA97 /* YBenzCarFactory.m */ = {isa = PBXFileReference; fileEncoding = 4; lastKnownFileType = sourcecode.c.objc; path = YBenzCarFactory.m; sourceTree = "<group>"; };
		AE969B9A1FE51CB700B1FA97 /* YAudiCarFactory.m */ = {isa = PBXFileReference; fileEncoding = 4; lastKnownFileType = sourcecode.c.objc; path = YAudiCarFactory.m; sourceTree = "<group>"; };
		AE969B9B1FE51CB700B1FA97 /* YAudiCarFactory.h */ = {isa = PBXFileReference; fileEncoding = 4; lastKnownFileType = sourcecode.c.h; path = YAudiCarFactory.h; sourceTree = "<group>"; };
		AE969B9E1FE5249200B1FA97 /* 抽象工厂模式.png */ = {isa = PBXFileReference; lastKnownFileType = image.png; path = "抽象工厂模式.png"; sourceTree = "<group>"; };
		AEF8D7631FE3BC84004637B9 /* 设计模式_OC.app */ = {isa = PBXFileReference; explicitFileType = wrapper.application; includeInIndex = 0; path = "设计模式_OC.app"; sourceTree = BUILT_PRODUCTS_DIR; };
		AEF8D7661FE3BC84004637B9 /* AppDelegate.h */ = {isa = PBXFileReference; lastKnownFileType = sourcecode.c.h; path = AppDelegate.h; sourceTree = "<group>"; };
		AEF8D7671FE3BC84004637B9 /* AppDelegate.m */ = {isa = PBXFileReference; lastKnownFileType = sourcecode.c.objc; path = AppDelegate.m; sourceTree = "<group>"; };
		AEF8D7691FE3BC84004637B9 /* ViewController.h */ = {isa = PBXFileReference; lastKnownFileType = sourcecode.c.h; path = ViewController.h; sourceTree = "<group>"; };
		AEF8D76A1FE3BC84004637B9 /* ViewController.m */ = {isa = PBXFileReference; lastKnownFileType = sourcecode.c.objc; path = ViewController.m; sourceTree = "<group>"; };
		AEF8D76D1FE3BC84004637B9 /* Base */ = {isa = PBXFileReference; lastKnownFileType = file.storyboard; name = Base; path = Base.lproj/Main.storyboard; sourceTree = "<group>"; };
		AEF8D76F1FE3BC84004637B9 /* Assets.xcassets */ = {isa = PBXFileReference; lastKnownFileType = folder.assetcatalog; path = Assets.xcassets; sourceTree = "<group>"; };
		AEF8D7721FE3BC84004637B9 /* Base */ = {isa = PBXFileReference; lastKnownFileType = file.storyboard; name = Base; path = Base.lproj/LaunchScreen.storyboard; sourceTree = "<group>"; };
		AEF8D7741FE3BC84004637B9 /* Info.plist */ = {isa = PBXFileReference; lastKnownFileType = text.plist.xml; path = Info.plist; sourceTree = "<group>"; };
		AEF8D7751FE3BC84004637B9 /* main.m */ = {isa = PBXFileReference; lastKnownFileType = sourcecode.c.objc; path = main.m; sourceTree = "<group>"; };
		AEF8D7801FE3BC9C004637B9 /* 01_简单工厂模式.app */ = {isa = PBXFileReference; explicitFileType = wrapper.application; includeInIndex = 0; path = "01_简单工厂模式.app"; sourceTree = BUILT_PRODUCTS_DIR; };
		AEF8D7821FE3BC9C004637B9 /* AppDelegate.h */ = {isa = PBXFileReference; lastKnownFileType = sourcecode.c.h; path = AppDelegate.h; sourceTree = "<group>"; };
		AEF8D7831FE3BC9C004637B9 /* AppDelegate.m */ = {isa = PBXFileReference; lastKnownFileType = sourcecode.c.objc; path = AppDelegate.m; sourceTree = "<group>"; };
		AEF8D7851FE3BC9C004637B9 /* ViewController.h */ = {isa = PBXFileReference; lastKnownFileType = sourcecode.c.h; path = ViewController.h; sourceTree = "<group>"; };
		AEF8D7861FE3BC9C004637B9 /* ViewController.m */ = {isa = PBXFileReference; lastKnownFileType = sourcecode.c.objc; path = ViewController.m; sourceTree = "<group>"; };
		AEF8D7891FE3BC9C004637B9 /* Base */ = {isa = PBXFileReference; lastKnownFileType = file.storyboard; name = Base; path = Base.lproj/Main.storyboard; sourceTree = "<group>"; };
		AEF8D78B1FE3BC9C004637B9 /* Assets.xcassets */ = {isa = PBXFileReference; lastKnownFileType = folder.assetcatalog; path = Assets.xcassets; sourceTree = "<group>"; };
		AEF8D78E1FE3BC9C004637B9 /* Base */ = {isa = PBXFileReference; lastKnownFileType = file.storyboard; name = Base; path = Base.lproj/LaunchScreen.storyboard; sourceTree = "<group>"; };
		AEF8D7901FE3BC9C004637B9 /* Info.plist */ = {isa = PBXFileReference; lastKnownFileType = text.plist.xml; path = Info.plist; sourceTree = "<group>"; };
		AEF8D7911FE3BC9C004637B9 /* main.m */ = {isa = PBXFileReference; lastKnownFileType = sourcecode.c.objc; path = main.m; sourceTree = "<group>"; };
		AEF8D7991FE3BD1E004637B9 /* YCarFactory.h */ = {isa = PBXFileReference; fileEncoding = 4; lastKnownFileType = sourcecode.c.h; path = YCarFactory.h; sourceTree = "<group>"; };
		AEF8D79A1FE3BD1E004637B9 /* YCarFactory.m */ = {isa = PBXFileReference; fileEncoding = 4; lastKnownFileType = sourcecode.c.objc; path = YCarFactory.m; sourceTree = "<group>"; };
		AEF8D79C1FE3BD1E004637B9 /* YAudi.h */ = {isa = PBXFileReference; fileEncoding = 4; lastKnownFileType = sourcecode.c.h; path = YAudi.h; sourceTree = "<group>"; };
		AEF8D79D1FE3BD1E004637B9 /* YLandRover.m */ = {isa = PBXFileReference; fileEncoding = 4; lastKnownFileType = sourcecode.c.objc; path = YLandRover.m; sourceTree = "<group>"; };
		AEF8D79E1FE3BD1E004637B9 /* YBenz.h */ = {isa = PBXFileReference; fileEncoding = 4; lastKnownFileType = sourcecode.c.h; path = YBenz.h; sourceTree = "<group>"; };
		AEF8D79F1FE3BD1E004637B9 /* YAudi.m */ = {isa = PBXFileReference; fileEncoding = 4; lastKnownFileType = sourcecode.c.objc; path = YAudi.m; sourceTree = "<group>"; };
		AEF8D7A01FE3BD1E004637B9 /* YLandRover.h */ = {isa = PBXFileReference; fileEncoding = 4; lastKnownFileType = sourcecode.c.h; path = YLandRover.h; sourceTree = "<group>"; };
		AEF8D7A11FE3BD1E004637B9 /* YBenz.m */ = {isa = PBXFileReference; fileEncoding = 4; lastKnownFileType = sourcecode.c.objc; path = YBenz.m; sourceTree = "<group>"; };
		AEF8D7A31FE3BD1E004637B9 /* YCar.h */ = {isa = PBXFileReference; fileEncoding = 4; lastKnownFileType = sourcecode.c.h; path = YCar.h; sourceTree = "<group>"; };
		AEF8D7A81FE3BE3D004637B9 /* 简单工厂模式.png */ = {isa = PBXFileReference; lastKnownFileType = image.png; path = "简单工厂模式.png"; sourceTree = "<group>"; };
		AEF8D7AE1FE3CF7C004637B9 /* 02_工厂方法模式.app */ = {isa = PBXFileReference; explicitFileType = wrapper.application; includeInIndex = 0; path = "02_工厂方法模式.app"; sourceTree = BUILT_PRODUCTS_DIR; };
		AEF8D7B01FE3CF7C004637B9 /* AppDelegate.h */ = {isa = PBXFileReference; lastKnownFileType = sourcecode.c.h; path = AppDelegate.h; sourceTree = "<group>"; };
		AEF8D7B11FE3CF7C004637B9 /* AppDelegate.m */ = {isa = PBXFileReference; lastKnownFileType = sourcecode.c.objc; path = AppDelegate.m; sourceTree = "<group>"; };
		AEF8D7B31FE3CF7C004637B9 /* ViewController.h */ = {isa = PBXFileReference; lastKnownFileType = sourcecode.c.h; path = ViewController.h; sourceTree = "<group>"; };
		AEF8D7B41FE3CF7C004637B9 /* ViewController.m */ = {isa = PBXFileReference; lastKnownFileType = sourcecode.c.objc; path = ViewController.m; sourceTree = "<group>"; };
		AEF8D7B71FE3CF7C004637B9 /* Base */ = {isa = PBXFileReference; lastKnownFileType = file.storyboard; name = Base; path = Base.lproj/Main.storyboard; sourceTree = "<group>"; };
		AEF8D7B91FE3CF7C004637B9 /* Assets.xcassets */ = {isa = PBXFileReference; lastKnownFileType = folder.assetcatalog; path = Assets.xcassets; sourceTree = "<group>"; };
		AEF8D7BC1FE3CF7C004637B9 /* Base */ = {isa = PBXFileReference; lastKnownFileType = file.storyboard; name = Base; path = Base.lproj/LaunchScreen.storyboard; sourceTree = "<group>"; };
		AEF8D7BE1FE3CF7C004637B9 /* Info.plist */ = {isa = PBXFileReference; lastKnownFileType = text.plist.xml; path = Info.plist; sourceTree = "<group>"; };
		AEF8D7BF1FE3CF7C004637B9 /* main.m */ = {isa = PBXFileReference; lastKnownFileType = sourcecode.c.objc; path = main.m; sourceTree = "<group>"; };
		AEF8D7CE1FE3D33B004637B9 /* YAbsFactory.h */ = {isa = PBXFileReference; lastKnownFileType = sourcecode.c.h; path = YAbsFactory.h; sourceTree = "<group>"; };
		AEF8D7CF1FE3D359004637B9 /* YAudiFactory.h */ = {isa = PBXFileReference; lastKnownFileType = sourcecode.c.h; path = YAudiFactory.h; sourceTree = "<group>"; };
		AEF8D7D01FE3D359004637B9 /* YAudiFactory.m */ = {isa = PBXFileReference; lastKnownFileType = sourcecode.c.objc; path = YAudiFactory.m; sourceTree = "<group>"; };
		AEF8D7D21FE3D36C004637B9 /* YBenzFactory.h */ = {isa = PBXFileReference; lastKnownFileType = sourcecode.c.h; path = YBenzFactory.h; sourceTree = "<group>"; };
		AEF8D7D31FE3D36C004637B9 /* YBenzFactory.m */ = {isa = PBXFileReference; lastKnownFileType = sourcecode.c.objc; path = YBenzFactory.m; sourceTree = "<group>"; };
		AEF8D7D51FE3D38D004637B9 /* YCar.h */ = {isa = PBXFileReference; lastKnownFileType = sourcecode.c.h; path = YCar.h; sourceTree = "<group>"; };
		AEF8D7D61FE3D3A5004637B9 /* YAudi.h */ = {isa = PBXFileReference; lastKnownFileType = sourcecode.c.h; path = YAudi.h; sourceTree = "<group>"; };
		AEF8D7D71FE3D3A5004637B9 /* YAudi.m */ = {isa = PBXFileReference; lastKnownFileType = sourcecode.c.objc; path = YAudi.m; sourceTree = "<group>"; };
		AEF8D7D91FE3D3B0004637B9 /* YBenz.h */ = {isa = PBXFileReference; lastKnownFileType = sourcecode.c.h; path = YBenz.h; sourceTree = "<group>"; };
		AEF8D7DA1FE3D3B0004637B9 /* YBenz.m */ = {isa = PBXFileReference; lastKnownFileType = sourcecode.c.objc; path = YBenz.m; sourceTree = "<group>"; };
		AEF8D7DC1FE3EE1D004637B9 /* 工厂方法模式.png */ = {isa = PBXFileReference; lastKnownFileType = image.png; path = "工厂方法模式.png"; sourceTree = "<group>"; };
		AEF8D7E21FE50E4A004637B9 /* 03_抽象工厂模式.app */ = {isa = PBXFileReference; explicitFileType = wrapper.application; includeInIndex = 0; path = "03_抽象工厂模式.app"; sourceTree = BUILT_PRODUCTS_DIR; };
		AEF8D7E41FE50E4B004637B9 /* AppDelegate.h */ = {isa = PBXFileReference; lastKnownFileType = sourcecode.c.h; path = AppDelegate.h; sourceTree = "<group>"; };
		AEF8D7E51FE50E4B004637B9 /* AppDelegate.m */ = {isa = PBXFileReference; lastKnownFileType = sourcecode.c.objc; path = AppDelegate.m; sourceTree = "<group>"; };
		AEF8D7E71FE50E4B004637B9 /* ViewController.h */ = {isa = PBXFileReference; lastKnownFileType = sourcecode.c.h; path = ViewController.h; sourceTree = "<group>"; };
		AEF8D7E81FE50E4B004637B9 /* ViewController.m */ = {isa = PBXFileReference; lastKnownFileType = sourcecode.c.objc; path = ViewController.m; sourceTree = "<group>"; };
		AEF8D7EB1FE50E4B004637B9 /* Base */ = {isa = PBXFileReference; lastKnownFileType = file.storyboard; name = Base; path = Base.lproj/Main.storyboard; sourceTree = "<group>"; };
		AEF8D7ED1FE50E4B004637B9 /* Assets.xcassets */ = {isa = PBXFileReference; lastKnownFileType = folder.assetcatalog; path = Assets.xcassets; sourceTree = "<group>"; };
		AEF8D7F01FE50E4B004637B9 /* Base */ = {isa = PBXFileReference; lastKnownFileType = file.storyboard; name = Base; path = Base.lproj/LaunchScreen.storyboard; sourceTree = "<group>"; };
		AEF8D7F21FE50E4B004637B9 /* Info.plist */ = {isa = PBXFileReference; lastKnownFileType = text.plist.xml; path = Info.plist; sourceTree = "<group>"; };
		AEF8D7F31FE50E4B004637B9 /* main.m */ = {isa = PBXFileReference; lastKnownFileType = sourcecode.c.objc; path = main.m; sourceTree = "<group>"; };
		AEF8D7FF1FE51083004637B9 /* YCarAbsFactory.h */ = {isa = PBXFileReference; lastKnownFileType = sourcecode.c.h; path = YCarAbsFactory.h; sourceTree = "<group>"; };
/* End PBXFileReference section */

/* Begin PBXFrameworksBuildPhase section */
		AE759EC71FE8AB530086298D /* Frameworks */ = {
			isa = PBXFrameworksBuildPhase;
			buildActionMask = 2147483647;
			files = (
			);
			runOnlyForDeploymentPostprocessing = 0;
		};
		AEF8D7601FE3BC84004637B9 /* Frameworks */ = {
			isa = PBXFrameworksBuildPhase;
			buildActionMask = 2147483647;
			files = (
			);
			runOnlyForDeploymentPostprocessing = 0;
		};
		AEF8D77D1FE3BC9C004637B9 /* Frameworks */ = {
			isa = PBXFrameworksBuildPhase;
			buildActionMask = 2147483647;
			files = (
			);
			runOnlyForDeploymentPostprocessing = 0;
		};
		AEF8D7AB1FE3CF7C004637B9 /* Frameworks */ = {
			isa = PBXFrameworksBuildPhase;
			buildActionMask = 2147483647;
			files = (
			);
			runOnlyForDeploymentPostprocessing = 0;
		};
		AEF8D7DF1FE50E4A004637B9 /* Frameworks */ = {
			isa = PBXFrameworksBuildPhase;
			buildActionMask = 2147483647;
			files = (
			);
			runOnlyForDeploymentPostprocessing = 0;
		};
/* End PBXFrameworksBuildPhase section */

/* Begin PBXGroup section */
		AE759ECB1FE8AB530086298D /* 04_建造者模式 */ = {
			isa = PBXGroup;
			children = (
				AE759EE21FE8AC050086298D /* 案例 */,
				AE759EE01FE8AC050086298D /* UML类图 */,
				AE759ECC1FE8AB530086298D /* AppDelegate.h */,
				AE759ECD1FE8AB530086298D /* AppDelegate.m */,
				AE759ECF1FE8AB530086298D /* ViewController.h */,
				AE759ED01FE8AB530086298D /* ViewController.m */,
				AE759ED21FE8AB530086298D /* Main.storyboard */,
				AE759ED51FE8AB530086298D /* Assets.xcassets */,
				AE759ED71FE8AB530086298D /* LaunchScreen.storyboard */,
				AE759EDA1FE8AB530086298D /* Info.plist */,
				AE759EDB1FE8AB530086298D /* main.m */,
			);
			path = "04_建造者模式";
			sourceTree = "<group>";
		};
		AE759EE01FE8AC050086298D /* UML类图 */ = {
			isa = PBXGroup;
			children = (
				AE759EE11FE8AC050086298D /* 建造者模式.png */,
			);
			path = "UML类图";
			sourceTree = "<group>";
		};
		AE759EE21FE8AC050086298D /* 案例 */ = {
			isa = PBXGroup;
			children = (
				AE759EE81FE8AC050086298D /* 角色1_抽象建造者 */,
				AE759EE51FE8AC050086298D /* 角色2_具体建造者 */,
				AE759EE31FE8AC050086298D /* 角色3_具体产品 */,
				AE759EE41FE8AC050086298D /* 角色4_指挥者 */,
			);
			path = "案例";
			sourceTree = "<group>";
		};
		AE759EE31FE8AC050086298D /* 角色3_具体产品 */ = {
			isa = PBXGroup;
			children = (
				AE759EF21FE8AEE20086298D /* YComputer.h */,
				AE759EF31FE8AEE20086298D /* YComputer.m */,
			);
			path = "角色3_具体产品";
			sourceTree = "<group>";
		};
		AE759EE41FE8AC050086298D /* 角色4_指挥者 */ = {
			isa = PBXGroup;
			children = (
				AE759EF51FE8AF0A0086298D /* YComputerDirector.h */,
				AE759EF61FE8AF0A0086298D /* YComputerDirector.m */,
			);
			path = "角色4_指挥者";
			sourceTree = "<group>";
		};
		AE759EE51FE8AC050086298D /* 角色2_具体建造者 */ = {
			isa = PBXGroup;
			children = (
				AE759EE71FE8AC050086298D /* 具体建造者A */,
				AE759EE61FE8AC050086298D /* 具体建造者B */,
			);
			path = "角色2_具体建造者";
			sourceTree = "<group>";
		};
		AE759EE61FE8AC050086298D /* 具体建造者B */ = {
			isa = PBXGroup;
			children = (
				AE759EF81FE8B4AF0086298D /* YAdvancedComputerBuilder.h */,
				AE759EF91FE8B4AF0086298D /* YAdvancedComputerBuilder.m */,
			);
			path = "具体建造者B";
			sourceTree = "<group>";
		};
		AE759EE71FE8AC050086298D /* 具体建造者A */ = {
			isa = PBXGroup;
			children = (
				AE759EEC1FE8AEC30086298D /* YNormalComputerBuilder.h */,
				AE759EED1FE8AEC30086298D /* YNormalComputerBuilder.m */,
			);
			path = "具体建造者A";
			sourceTree = "<group>";
		};
		AE759EE81FE8AC050086298D /* 角色1_抽象建造者 */ = {
			isa = PBXGroup;
			children = (
				AE759EEB1FE8AE690086298D /* YAbsComputerBuilder.h */,
			);
			path = "角色1_抽象建造者";
			sourceTree = "<group>";
		};
		AE969B7E1FE5138C00B1FA97 /* 角色3_产品种类A */ = {
			isa = PBXGroup;
			children = (
				AE969B7F1FE5138C00B1FA97 /* 抽象产品A */,
				AE969B811FE5138C00B1FA97 /* 具体产品A */,
			);
			path = "角色3_产品种类A";
			sourceTree = "<group>";
		};
		AE969B7F1FE5138C00B1FA97 /* 抽象产品A */ = {
			isa = PBXGroup;
			children = (
				AE969B801FE5138C00B1FA97 /* YSuvCar.h */,
			);
			path = "抽象产品A";
			sourceTree = "<group>";
		};
		AE969B811FE5138C00B1FA97 /* 具体产品A */ = {
			isa = PBXGroup;
			children = (
				AE969B821FE5138C00B1FA97 /* YAudiSuvCar.h */,
				AE969B841FE5138C00B1FA97 /* YAudiSuvCar.m */,
				AE969B851FE5138C00B1FA97 /* YBenzSuvCar.h */,
				AE969B831FE5138C00B1FA97 /* YBenzSuvCar.m */,
			);
			path = "具体产品A";
			sourceTree = "<group>";
		};
		AE969B861FE5138C00B1FA97 /* 角色4_产品种类B */ = {
			isa = PBXGroup;
			children = (
				AE969B871FE5138C00B1FA97 /* 抽象产品B */,
				AE969B891FE5138C00B1FA97 /* 具体产品B */,
			);
			path = "角色4_产品种类B";
			sourceTree = "<group>";
		};
		AE969B871FE5138C00B1FA97 /* 抽象产品B */ = {
			isa = PBXGroup;
			children = (
				AE969B881FE5138C00B1FA97 /* YMpvCar.h */,
			);
			path = "抽象产品B";
			sourceTree = "<group>";
		};
		AE969B891FE5138C00B1FA97 /* 具体产品B */ = {
			isa = PBXGroup;
			children = (
				AE969B8B1FE5138C00B1FA97 /* YAudiMpvCar.h */,
				AE969B8D1FE5138C00B1FA97 /* YAudiMpvCar.m */,
				AE969B8C1FE5138C00B1FA97 /* YBenzMpvCar.h */,
				AE969B8A1FE5138C00B1FA97 /* YBenzMpvCar.m */,
			);
			path = "具体产品B";
			sourceTree = "<group>";
		};
		AEF8D75A1FE3BC84004637B9 = {
			isa = PBXGroup;
			children = (
				AEF8D7651FE3BC84004637B9 /* 设计模式_OC */,
				AEF8D7811FE3BC9C004637B9 /* 01_简单工厂模式 */,
				AEF8D7AF1FE3CF7C004637B9 /* 02_工厂方法模式 */,
				AEF8D7E31FE50E4B004637B9 /* 03_抽象工厂模式 */,
				AE759ECB1FE8AB530086298D /* 04_建造者模式 */,
				AEF8D7641FE3BC84004637B9 /* Products */,
			);
			sourceTree = "<group>";
		};
		AEF8D7641FE3BC84004637B9 /* Products */ = {
			isa = PBXGroup;
			children = (
				AEF8D7631FE3BC84004637B9 /* 设计模式_OC.app */,
				AEF8D7801FE3BC9C004637B9 /* 01_简单工厂模式.app */,
				AEF8D7AE1FE3CF7C004637B9 /* 02_工厂方法模式.app */,
				AEF8D7E21FE50E4A004637B9 /* 03_抽象工厂模式.app */,
				AE759ECA1FE8AB530086298D /* 04_建造者模式.app */,
			);
			name = Products;
			sourceTree = "<group>";
		};
		AEF8D7651FE3BC84004637B9 /* 设计模式_OC */ = {
			isa = PBXGroup;
			children = (
				AEF8D7661FE3BC84004637B9 /* AppDelegate.h */,
				AEF8D7671FE3BC84004637B9 /* AppDelegate.m */,
				AEF8D7691FE3BC84004637B9 /* ViewController.h */,
				AEF8D76A1FE3BC84004637B9 /* ViewController.m */,
				AEF8D76C1FE3BC84004637B9 /* Main.storyboard */,
				AEF8D76F1FE3BC84004637B9 /* Assets.xcassets */,
				AEF8D7711FE3BC84004637B9 /* LaunchScreen.storyboard */,
				AEF8D7741FE3BC84004637B9 /* Info.plist */,
				AEF8D7751FE3BC84004637B9 /* main.m */,
			);
			path = "设计模式_OC";
			sourceTree = "<group>";
		};
		AEF8D7811FE3BC9C004637B9 /* 01_简单工厂模式 */ = {
			isa = PBXGroup;
			children = (
				AEF8D7971FE3BD1E004637B9 /* 案例 */,
				AEF8D7961FE3BD1E004637B9 /* UML类图 */,
				AEF8D7821FE3BC9C004637B9 /* AppDelegate.h */,
				AEF8D7831FE3BC9C004637B9 /* AppDelegate.m */,
				AEF8D7851FE3BC9C004637B9 /* ViewController.h */,
				AEF8D7861FE3BC9C004637B9 /* ViewController.m */,
				AEF8D7881FE3BC9C004637B9 /* Main.storyboard */,
				AEF8D78B1FE3BC9C004637B9 /* Assets.xcassets */,
				AEF8D78D1FE3BC9C004637B9 /* LaunchScreen.storyboard */,
				AEF8D7901FE3BC9C004637B9 /* Info.plist */,
				AEF8D7911FE3BC9C004637B9 /* main.m */,
			);
			path = "01_简单工厂模式";
			sourceTree = "<group>";
		};
		AEF8D7961FE3BD1E004637B9 /* UML类图 */ = {
			isa = PBXGroup;
			children = (
				AEF8D7A81FE3BE3D004637B9 /* 简单工厂模式.png */,
			);
			path = "UML类图";
			sourceTree = "<group>";
		};
		AEF8D7971FE3BD1E004637B9 /* 案例 */ = {
			isa = PBXGroup;
			children = (
				AEF8D7981FE3BD1E004637B9 /* 角色1_工厂 */,
				AEF8D79B1FE3BD1E004637B9 /* 角色3_具体产品 */,
				AEF8D7A21FE3BD1E004637B9 /* 角色2_抽象产品 */,
			);
			path = "案例";
			sourceTree = "<group>";
		};
		AEF8D7981FE3BD1E004637B9 /* 角色1_工厂 */ = {
			isa = PBXGroup;
			children = (
				AEF8D7991FE3BD1E004637B9 /* YCarFactory.h */,
				AEF8D79A1FE3BD1E004637B9 /* YCarFactory.m */,
			);
			path = "角色1_工厂";
			sourceTree = "<group>";
		};
		AEF8D79B1FE3BD1E004637B9 /* 角色3_具体产品 */ = {
			isa = PBXGroup;
			children = (
				AEF8D79C1FE3BD1E004637B9 /* YAudi.h */,
				AEF8D79F1FE3BD1E004637B9 /* YAudi.m */,
				AEF8D79E1FE3BD1E004637B9 /* YBenz.h */,
				AEF8D7A11FE3BD1E004637B9 /* YBenz.m */,
				AEF8D7A01FE3BD1E004637B9 /* YLandRover.h */,
				AEF8D79D1FE3BD1E004637B9 /* YLandRover.m */,
			);
			path = "角色3_具体产品";
			sourceTree = "<group>";
		};
		AEF8D7A21FE3BD1E004637B9 /* 角色2_抽象产品 */ = {
			isa = PBXGroup;
			children = (
				AEF8D7A31FE3BD1E004637B9 /* YCar.h */,
			);
			path = "角色2_抽象产品";
			sourceTree = "<group>";
		};
		AEF8D7AF1FE3CF7C004637B9 /* 02_工厂方法模式 */ = {
			isa = PBXGroup;
			children = (
				AEF8D7C51FE3CFF8004637B9 /* 案例 */,
				AEF8D7C41FE3CFF8004637B9 /* UML类图 */,
				AEF8D7B01FE3CF7C004637B9 /* AppDelegate.h */,
				AEF8D7B11FE3CF7C004637B9 /* AppDelegate.m */,
				AEF8D7B31FE3CF7C004637B9 /* ViewController.h */,
				AEF8D7B41FE3CF7C004637B9 /* ViewController.m */,
				AEF8D7B61FE3CF7C004637B9 /* Main.storyboard */,
				AEF8D7B91FE3CF7C004637B9 /* Assets.xcassets */,
				AEF8D7BB1FE3CF7C004637B9 /* LaunchScreen.storyboard */,
				AEF8D7BE1FE3CF7C004637B9 /* Info.plist */,
				AEF8D7BF1FE3CF7C004637B9 /* main.m */,
			);
			path = "02_工厂方法模式";
			sourceTree = "<group>";
		};
		AEF8D7C41FE3CFF8004637B9 /* UML类图 */ = {
			isa = PBXGroup;
			children = (
				AEF8D7DC1FE3EE1D004637B9 /* 工厂方法模式.png */,
			);
			path = "UML类图";
			sourceTree = "<group>";
		};
		AEF8D7C51FE3CFF8004637B9 /* 案例 */ = {
			isa = PBXGroup;
			children = (
				AEF8D7CC1FE3D062004637B9 /* 角色1_抽象工厂 */,
				AEF8D7CD1FE3D062004637B9 /* 角色2_具体工厂 */,
				AEF8D7CB1FE3D062004637B9 /* 角色3_抽象产品 */,
				AEF8D7CA1FE3D062004637B9 /* 角色4_具体产品 */,
			);
			path = "案例";
			sourceTree = "<group>";
		};
		AEF8D7CA1FE3D062004637B9 /* 角色4_具体产品 */ = {
			isa = PBXGroup;
			children = (
				AEF8D7D61FE3D3A5004637B9 /* YAudi.h */,
				AEF8D7D71FE3D3A5004637B9 /* YAudi.m */,
				AEF8D7D91FE3D3B0004637B9 /* YBenz.h */,
				AEF8D7DA1FE3D3B0004637B9 /* YBenz.m */,
			);
			path = "角色4_具体产品";
			sourceTree = "<group>";
		};
		AEF8D7CB1FE3D062004637B9 /* 角色3_抽象产品 */ = {
			isa = PBXGroup;
			children = (
				AEF8D7D51FE3D38D004637B9 /* YCar.h */,
			);
			path = "角色3_抽象产品";
			sourceTree = "<group>";
		};
		AEF8D7CC1FE3D062004637B9 /* 角色1_抽象工厂 */ = {
			isa = PBXGroup;
			children = (
				AEF8D7CE1FE3D33B004637B9 /* YAbsFactory.h */,
			);
			path = "角色1_抽象工厂";
			sourceTree = "<group>";
		};
		AEF8D7CD1FE3D062004637B9 /* 角色2_具体工厂 */ = {
			isa = PBXGroup;
			children = (
				AEF8D7CF1FE3D359004637B9 /* YAudiFactory.h */,
				AEF8D7D01FE3D359004637B9 /* YAudiFactory.m */,
				AEF8D7D21FE3D36C004637B9 /* YBenzFactory.h */,
				AEF8D7D31FE3D36C004637B9 /* YBenzFactory.m */,
			);
			path = "角色2_具体工厂";
			sourceTree = "<group>";
		};
		AEF8D7E31FE50E4B004637B9 /* 03_抽象工厂模式 */ = {
			isa = PBXGroup;
			children = (
				AEF8D7F91FE50EEA004637B9 /* 案例 */,
				AEF8D7F81FE50EEA004637B9 /* UML类图 */,
				AEF8D7E41FE50E4B004637B9 /* AppDelegate.h */,
				AEF8D7E51FE50E4B004637B9 /* AppDelegate.m */,
				AEF8D7E71FE50E4B004637B9 /* ViewController.h */,
				AEF8D7E81FE50E4B004637B9 /* ViewController.m */,
				AEF8D7EA1FE50E4B004637B9 /* Main.storyboard */,
				AEF8D7ED1FE50E4B004637B9 /* Assets.xcassets */,
				AEF8D7EF1FE50E4B004637B9 /* LaunchScreen.storyboard */,
				AEF8D7F21FE50E4B004637B9 /* Info.plist */,
				AEF8D7F31FE50E4B004637B9 /* main.m */,
			);
			path = "03_抽象工厂模式";
			sourceTree = "<group>";
		};
		AEF8D7F81FE50EEA004637B9 /* UML类图 */ = {
			isa = PBXGroup;
			children = (
				AE969B9E1FE5249200B1FA97 /* 抽象工厂模式.png */,
			);
			path = "UML类图";
			sourceTree = "<group>";
		};
		AEF8D7F91FE50EEA004637B9 /* 案例 */ = {
			isa = PBXGroup;
			children = (
				AEF8D7FB1FE50EEA004637B9 /* 角色1_抽象工厂 */,
				AEF8D7FC1FE50EEA004637B9 /* 角色2_具体工厂 */,
				AE969B7E1FE5138C00B1FA97 /* 角色3_产品种类A */,
				AE969B861FE5138C00B1FA97 /* 角色4_产品种类B */,
			);
			path = "案例";
			sourceTree = "<group>";
		};
		AEF8D7FB1FE50EEA004637B9 /* 角色1_抽象工厂 */ = {
			isa = PBXGroup;
			children = (
				AEF8D7FF1FE51083004637B9 /* YCarAbsFactory.h */,
			);
			path = "角色1_抽象工厂";
			sourceTree = "<group>";
		};
		AEF8D7FC1FE50EEA004637B9 /* 角色2_具体工厂 */ = {
			isa = PBXGroup;
			children = (
				AE969B9B1FE51CB700B1FA97 /* YAudiCarFactory.h */,
				AE969B9A1FE51CB700B1FA97 /* YAudiCarFactory.m */,
				AE969B981FE51CB700B1FA97 /* YBenzCarFactory.h */,
				AE969B991FE51CB700B1FA97 /* YBenzCarFactory.m */,
			);
			path = "角色2_具体工厂";
			sourceTree = "<group>";
		};
/* End PBXGroup section */

/* Begin PBXNativeTarget section */
		AE759EC91FE8AB530086298D /* 04_建造者模式 */ = {
			isa = PBXNativeTarget;
			buildConfigurationList = AE759EDF1FE8AB530086298D /* Build configuration list for PBXNativeTarget "04_建造者模式" */;
			buildPhases = (
				AE759EC61FE8AB530086298D /* Sources */,
				AE759EC71FE8AB530086298D /* Frameworks */,
				AE759EC81FE8AB530086298D /* Resources */,
			);
			buildRules = (
			);
			dependencies = (
			);
			name = "04_建造者模式";
			productName = "04_建造者模式";
			productReference = AE759ECA1FE8AB530086298D /* 04_建造者模式.app */;
			productType = "com.apple.product-type.application";
		};
		AEF8D7621FE3BC84004637B9 /* 设计模式_OC */ = {
			isa = PBXNativeTarget;
			buildConfigurationList = AEF8D7791FE3BC84004637B9 /* Build configuration list for PBXNativeTarget "设计模式_OC" */;
			buildPhases = (
				AEF8D75F1FE3BC84004637B9 /* Sources */,
				AEF8D7601FE3BC84004637B9 /* Frameworks */,
				AEF8D7611FE3BC84004637B9 /* Resources */,
			);
			buildRules = (
			);
			dependencies = (
			);
			name = "设计模式_OC";
			productName = "设计模式_OC";
			productReference = AEF8D7631FE3BC84004637B9 /* 设计模式_OC.app */;
			productType = "com.apple.product-type.application";
		};
		AEF8D77F1FE3BC9C004637B9 /* 01_简单工厂模式 */ = {
			isa = PBXNativeTarget;
			buildConfigurationList = AEF8D7931FE3BC9C004637B9 /* Build configuration list for PBXNativeTarget "01_简单工厂模式" */;
			buildPhases = (
				AEF8D77C1FE3BC9C004637B9 /* Sources */,
				AEF8D77D1FE3BC9C004637B9 /* Frameworks */,
				AEF8D77E1FE3BC9C004637B9 /* Resources */,
			);
			buildRules = (
			);
			dependencies = (
			);
			name = "01_简单工厂模式";
			productName = "01_简单工厂模式";
			productReference = AEF8D7801FE3BC9C004637B9 /* 01_简单工厂模式.app */;
			productType = "com.apple.product-type.application";
		};
		AEF8D7AD1FE3CF7C004637B9 /* 02_工厂方法模式 */ = {
			isa = PBXNativeTarget;
			buildConfigurationList = AEF8D7C11FE3CF7C004637B9 /* Build configuration list for PBXNativeTarget "02_工厂方法模式" */;
			buildPhases = (
				AEF8D7AA1FE3CF7C004637B9 /* Sources */,
				AEF8D7AB1FE3CF7C004637B9 /* Frameworks */,
				AEF8D7AC1FE3CF7C004637B9 /* Resources */,
			);
			buildRules = (
			);
			dependencies = (
			);
			name = "02_工厂方法模式";
			productName = "02_工厂方法模式";
			productReference = AEF8D7AE1FE3CF7C004637B9 /* 02_工厂方法模式.app */;
			productType = "com.apple.product-type.application";
		};
		AEF8D7E11FE50E4A004637B9 /* 03_抽象工厂模式 */ = {
			isa = PBXNativeTarget;
			buildConfigurationList = AEF8D7F51FE50E4B004637B9 /* Build configuration list for PBXNativeTarget "03_抽象工厂模式" */;
			buildPhases = (
				AEF8D7DE1FE50E4A004637B9 /* Sources */,
				AEF8D7DF1FE50E4A004637B9 /* Frameworks */,
				AEF8D7E01FE50E4A004637B9 /* Resources */,
			);
			buildRules = (
			);
			dependencies = (
			);
			name = "03_抽象工厂模式";
			productName = "03_抽象工厂模式";
			productReference = AEF8D7E21FE50E4A004637B9 /* 03_抽象工厂模式.app */;
			productType = "com.apple.product-type.application";
		};
/* End PBXNativeTarget section */

/* Begin PBXProject section */
		AEF8D75B1FE3BC84004637B9 /* Project object */ = {
			isa = PBXProject;
			attributes = {
				LastUpgradeCheck = 0920;
				ORGANIZATIONNAME = YotrolZ;
				TargetAttributes = {
					AE759EC91FE8AB530086298D = {
						CreatedOnToolsVersion = 9.2;
						ProvisioningStyle = Automatic;
					};
					AEF8D7621FE3BC84004637B9 = {
						CreatedOnToolsVersion = 9.2;
						ProvisioningStyle = Automatic;
					};
					AEF8D77F1FE3BC9C004637B9 = {
						CreatedOnToolsVersion = 9.2;
						ProvisioningStyle = Automatic;
					};
					AEF8D7AD1FE3CF7C004637B9 = {
						CreatedOnToolsVersion = 9.2;
						ProvisioningStyle = Automatic;
					};
					AEF8D7E11FE50E4A004637B9 = {
						CreatedOnToolsVersion = 9.2;
						ProvisioningStyle = Automatic;
					};
				};
			};
			buildConfigurationList = AEF8D75E1FE3BC84004637B9 /* Build configuration list for PBXProject "设计模式_OC" */;
			compatibilityVersion = "Xcode 8.0";
			developmentRegion = en;
			hasScannedForEncodings = 0;
			knownRegions = (
				en,
				Base,
			);
			mainGroup = AEF8D75A1FE3BC84004637B9;
			productRefGroup = AEF8D7641FE3BC84004637B9 /* Products */;
			projectDirPath = "";
			projectRoot = "";
			targets = (
				AEF8D7621FE3BC84004637B9 /* 设计模式_OC */,
				AEF8D77F1FE3BC9C004637B9 /* 01_简单工厂模式 */,
				AEF8D7AD1FE3CF7C004637B9 /* 02_工厂方法模式 */,
				AEF8D7E11FE50E4A004637B9 /* 03_抽象工厂模式 */,
				AE759EC91FE8AB530086298D /* 04_建造者模式 */,
			);
		};
/* End PBXProject section */

/* Begin PBXResourcesBuildPhase section */
		AE759EC81FE8AB530086298D /* Resources */ = {
			isa = PBXResourcesBuildPhase;
			buildActionMask = 2147483647;
			files = (
				AE759ED91FE8AB530086298D /* LaunchScreen.storyboard in Resources */,
				AE759ED61FE8AB530086298D /* Assets.xcassets in Resources */,
				AE759ED41FE8AB530086298D /* Main.storyboard in Resources */,
				AE759EE91FE8AC050086298D /* 建造者模式.png in Resources */,
			);
			runOnlyForDeploymentPostprocessing = 0;
		};
		AEF8D7611FE3BC84004637B9 /* Resources */ = {
			isa = PBXResourcesBuildPhase;
			buildActionMask = 2147483647;
			files = (
				AEF8D7731FE3BC84004637B9 /* LaunchScreen.storyboard in Resources */,
				AEF8D7701FE3BC84004637B9 /* Assets.xcassets in Resources */,
				AEF8D76E1FE3BC84004637B9 /* Main.storyboard in Resources */,
			);
			runOnlyForDeploymentPostprocessing = 0;
		};
		AEF8D77E1FE3BC9C004637B9 /* Resources */ = {
			isa = PBXResourcesBuildPhase;
			buildActionMask = 2147483647;
			files = (
				AEF8D78F1FE3BC9C004637B9 /* LaunchScreen.storyboard in Resources */,
				AEF8D7A91FE3BE3D004637B9 /* 简单工厂模式.png in Resources */,
				AEF8D78C1FE3BC9C004637B9 /* Assets.xcassets in Resources */,
				AEF8D78A1FE3BC9C004637B9 /* Main.storyboard in Resources */,
			);
			runOnlyForDeploymentPostprocessing = 0;
		};
		AEF8D7AC1FE3CF7C004637B9 /* Resources */ = {
			isa = PBXResourcesBuildPhase;
			buildActionMask = 2147483647;
			files = (
				AEF8D7BD1FE3CF7C004637B9 /* LaunchScreen.storyboard in Resources */,
				AEF8D7BA1FE3CF7C004637B9 /* Assets.xcassets in Resources */,
				AEF8D7DD1FE3EE1D004637B9 /* 工厂方法模式.png in Resources */,
				AEF8D7B81FE3CF7C004637B9 /* Main.storyboard in Resources */,
			);
			runOnlyForDeploymentPostprocessing = 0;
		};
		AEF8D7E01FE50E4A004637B9 /* Resources */ = {
			isa = PBXResourcesBuildPhase;
			buildActionMask = 2147483647;
			files = (
				AEF8D7F11FE50E4B004637B9 /* LaunchScreen.storyboard in Resources */,
				AEF8D7EE1FE50E4B004637B9 /* Assets.xcassets in Resources */,
				AE969B9F1FE5249200B1FA97 /* 抽象工厂模式.png in Resources */,
				AEF8D7EC1FE50E4B004637B9 /* Main.storyboard in Resources */,
			);
			runOnlyForDeploymentPostprocessing = 0;
		};
/* End PBXResourcesBuildPhase section */

/* Begin PBXSourcesBuildPhase section */
		AE759EC61FE8AB530086298D /* Sources */ = {
			isa = PBXSourcesBuildPhase;
			buildActionMask = 2147483647;
			files = (
				AE759EF41FE8AEE20086298D /* YComputer.m in Sources */,
				AE759ED11FE8AB530086298D /* ViewController.m in Sources */,
				AE759EDC1FE8AB530086298D /* main.m in Sources */,
				AE759ECE1FE8AB530086298D /* AppDelegate.m in Sources */,
				AE759EF71FE8AF0A0086298D /* YComputerDirector.m in Sources */,
				AE759EFA1FE8B4AF0086298D /* YAdvancedComputerBuilder.m in Sources */,
				AE759EEE1FE8AEC30086298D /* YNormalComputerBuilder.m in Sources */,
			);
			runOnlyForDeploymentPostprocessing = 0;
		};
		AEF8D75F1FE3BC84004637B9 /* Sources */ = {
			isa = PBXSourcesBuildPhase;
			buildActionMask = 2147483647;
			files = (
				AEF8D76B1FE3BC84004637B9 /* ViewController.m in Sources */,
				AEF8D7761FE3BC84004637B9 /* main.m in Sources */,
				AEF8D7681FE3BC84004637B9 /* AppDelegate.m in Sources */,
			);
			runOnlyForDeploymentPostprocessing = 0;
		};
		AEF8D77C1FE3BC9C004637B9 /* Sources */ = {
			isa = PBXSourcesBuildPhase;
			buildActionMask = 2147483647;
			files = (
				AEF8D7A61FE3BD1E004637B9 /* YAudi.m in Sources */,
				AEF8D7871FE3BC9C004637B9 /* ViewController.m in Sources */,
				AEF8D7921FE3BC9C004637B9 /* main.m in Sources */,
				AEF8D7841FE3BC9C004637B9 /* AppDelegate.m in Sources */,
				AEF8D7A41FE3BD1E004637B9 /* YCarFactory.m in Sources */,
				AEF8D7A51FE3BD1E004637B9 /* YLandRover.m in Sources */,
				AEF8D7A71FE3BD1E004637B9 /* YBenz.m in Sources */,
			);
			runOnlyForDeploymentPostprocessing = 0;
		};
		AEF8D7AA1FE3CF7C004637B9 /* Sources */ = {
			isa = PBXSourcesBuildPhase;
			buildActionMask = 2147483647;
			files = (
				AEF8D7D81FE3D3A5004637B9 /* YAudi.m in Sources */,
				AEF8D7D41FE3D36C004637B9 /* YBenzFactory.m in Sources */,
				AEF8D7B51FE3CF7C004637B9 /* ViewController.m in Sources */,
				AEF8D7D11FE3D359004637B9 /* YAudiFactory.m in Sources */,
				AEF8D7C01FE3CF7C004637B9 /* main.m in Sources */,
				AEF8D7B21FE3CF7C004637B9 /* AppDelegate.m in Sources */,
				AEF8D7DB1FE3D3B0004637B9 /* YBenz.m in Sources */,
			);
			runOnlyForDeploymentPostprocessing = 0;
		};
		AEF8D7DE1FE50E4A004637B9 /* Sources */ = {
			isa = PBXSourcesBuildPhase;
			buildActionMask = 2147483647;
			files = (
				AE969B9D1FE51CB700B1FA97 /* YAudiCarFactory.m in Sources */,
				AE969B8E1FE5138C00B1FA97 /* YBenzSuvCar.m in Sources */,
				AEF8D7E91FE50E4B004637B9 /* ViewController.m in Sources */,
				AE969B9C1FE51CB700B1FA97 /* YBenzCarFactory.m in Sources */,
				AEF8D7F41FE50E4B004637B9 /* main.m in Sources */,
				AE969B8F1FE5138C00B1FA97 /* YAudiSuvCar.m in Sources */,
				AEF8D7E61FE50E4B004637B9 /* AppDelegate.m in Sources */,
				AE969B901FE5138C00B1FA97 /* YBenzMpvCar.m in Sources */,
				AE969B911FE5138C00B1FA97 /* YAudiMpvCar.m in Sources */,
			);
			runOnlyForDeploymentPostprocessing = 0;
		};
/* End PBXSourcesBuildPhase section */

/* Begin PBXVariantGroup section */
		AE759ED21FE8AB530086298D /* Main.storyboard */ = {
			isa = PBXVariantGroup;
			children = (
				AE759ED31FE8AB530086298D /* Base */,
			);
			name = Main.storyboard;
			sourceTree = "<group>";
		};
		AE759ED71FE8AB530086298D /* LaunchScreen.storyboard */ = {
			isa = PBXVariantGroup;
			children = (
				AE759ED81FE8AB530086298D /* Base */,
			);
			name = LaunchScreen.storyboard;
			sourceTree = "<group>";
		};
		AEF8D76C1FE3BC84004637B9 /* Main.storyboard */ = {
			isa = PBXVariantGroup;
			children = (
				AEF8D76D1FE3BC84004637B9 /* Base */,
			);
			name = Main.storyboard;
			sourceTree = "<group>";
		};
		AEF8D7711FE3BC84004637B9 /* LaunchScreen.storyboard */ = {
			isa = PBXVariantGroup;
			children = (
				AEF8D7721FE3BC84004637B9 /* Base */,
			);
			name = LaunchScreen.storyboard;
			sourceTree = "<group>";
		};
		AEF8D7881FE3BC9C004637B9 /* Main.storyboard */ = {
			isa = PBXVariantGroup;
			children = (
				AEF8D7891FE3BC9C004637B9 /* Base */,
			);
			name = Main.storyboard;
			sourceTree = "<group>";
		};
		AEF8D78D1FE3BC9C004637B9 /* LaunchScreen.storyboard */ = {
			isa = PBXVariantGroup;
			children = (
				AEF8D78E1FE3BC9C004637B9 /* Base */,
			);
			name = LaunchScreen.storyboard;
			sourceTree = "<group>";
		};
		AEF8D7B61FE3CF7C004637B9 /* Main.storyboard */ = {
			isa = PBXVariantGroup;
			children = (
				AEF8D7B71FE3CF7C004637B9 /* Base */,
			);
			name = Main.storyboard;
			sourceTree = "<group>";
		};
		AEF8D7BB1FE3CF7C004637B9 /* LaunchScreen.storyboard */ = {
			isa = PBXVariantGroup;
			children = (
				AEF8D7BC1FE3CF7C004637B9 /* Base */,
			);
			name = LaunchScreen.storyboard;
			sourceTree = "<group>";
		};
		AEF8D7EA1FE50E4B004637B9 /* Main.storyboard */ = {
			isa = PBXVariantGroup;
			children = (
				AEF8D7EB1FE50E4B004637B9 /* Base */,
			);
			name = Main.storyboard;
			sourceTree = "<group>";
		};
		AEF8D7EF1FE50E4B004637B9 /* LaunchScreen.storyboard */ = {
			isa = PBXVariantGroup;
			children = (
				AEF8D7F01FE50E4B004637B9 /* Base */,
			);
			name = LaunchScreen.storyboard;
			sourceTree = "<group>";
		};
/* End PBXVariantGroup section */

/* Begin XCBuildConfiguration section */
		AE759EDD1FE8AB530086298D /* Debug */ = {
			isa = XCBuildConfiguration;
			buildSettings = {
				ASSETCATALOG_COMPILER_APPICON_NAME = AppIcon;
				CODE_SIGN_STYLE = Automatic;
				DEVELOPMENT_TEAM = LME682U793;
				INFOPLIST_FILE = "04_建造者模式/Info.plist";
				LD_RUNPATH_SEARCH_PATHS = "$(inherited) @executable_path/Frameworks";
				PRODUCT_BUNDLE_IDENTIFIER = "com.yotrolz.-4------";
				PRODUCT_NAME = "$(TARGET_NAME)";
				TARGETED_DEVICE_FAMILY = "1,2";
			};
			name = Debug;
		};
		AE759EDE1FE8AB530086298D /* Release */ = {
			isa = XCBuildConfiguration;
			buildSettings = {
				ASSETCATALOG_COMPILER_APPICON_NAME = AppIcon;
				CODE_SIGN_STYLE = Automatic;
				DEVELOPMENT_TEAM = LME682U793;
				INFOPLIST_FILE = "04_建造者模式/Info.plist";
				LD_RUNPATH_SEARCH_PATHS = "$(inherited) @executable_path/Frameworks";
				PRODUCT_BUNDLE_IDENTIFIER = "com.yotrolz.-4------";
				PRODUCT_NAME = "$(TARGET_NAME)";
				TARGETED_DEVICE_FAMILY = "1,2";
			};
			name = Release;
		};
		AEF8D7771FE3BC84004637B9 /* Debug */ = {
			isa = XCBuildConfiguration;
			buildSettings = {
				ALWAYS_SEARCH_USER_PATHS = NO;
				CLANG_ANALYZER_NONNULL = YES;
				CLANG_ANALYZER_NUMBER_OBJECT_CONVERSION = YES_AGGRESSIVE;
				CLANG_CXX_LANGUAGE_STANDARD = "gnu++14";
				CLANG_CXX_LIBRARY = "libc++";
				CLANG_ENABLE_MODULES = YES;
				CLANG_ENABLE_OBJC_ARC = YES;
				CLANG_WARN_BLOCK_CAPTURE_AUTORELEASING = YES;
				CLANG_WARN_BOOL_CONVERSION = YES;
				CLANG_WARN_COMMA = YES;
				CLANG_WARN_CONSTANT_CONVERSION = YES;
				CLANG_WARN_DIRECT_OBJC_ISA_USAGE = YES_ERROR;
				CLANG_WARN_DOCUMENTATION_COMMENTS = YES;
				CLANG_WARN_EMPTY_BODY = YES;
				CLANG_WARN_ENUM_CONVERSION = YES;
				CLANG_WARN_INFINITE_RECURSION = YES;
				CLANG_WARN_INT_CONVERSION = YES;
				CLANG_WARN_NON_LITERAL_NULL_CONVERSION = YES;
				CLANG_WARN_OBJC_LITERAL_CONVERSION = YES;
				CLANG_WARN_OBJC_ROOT_CLASS = YES_ERROR;
				CLANG_WARN_RANGE_LOOP_ANALYSIS = YES;
				CLANG_WARN_STRICT_PROTOTYPES = YES;
				CLANG_WARN_SUSPICIOUS_MOVE = YES;
				CLANG_WARN_UNGUARDED_AVAILABILITY = YES_AGGRESSIVE;
				CLANG_WARN_UNREACHABLE_CODE = YES;
				CLANG_WARN__DUPLICATE_METHOD_MATCH = YES;
				CODE_SIGN_IDENTITY = "iPhone Developer";
				COPY_PHASE_STRIP = NO;
				DEBUG_INFORMATION_FORMAT = dwarf;
				ENABLE_STRICT_OBJC_MSGSEND = YES;
				ENABLE_TESTABILITY = YES;
				GCC_C_LANGUAGE_STANDARD = gnu11;
				GCC_DYNAMIC_NO_PIC = NO;
				GCC_NO_COMMON_BLOCKS = YES;
				GCC_OPTIMIZATION_LEVEL = 0;
				GCC_PREPROCESSOR_DEFINITIONS = (
					"DEBUG=1",
					"$(inherited)",
				);
				GCC_WARN_64_TO_32_BIT_CONVERSION = YES;
				GCC_WARN_ABOUT_RETURN_TYPE = YES_ERROR;
				GCC_WARN_UNDECLARED_SELECTOR = YES;
				GCC_WARN_UNINITIALIZED_AUTOS = YES_AGGRESSIVE;
				GCC_WARN_UNUSED_FUNCTION = YES;
				GCC_WARN_UNUSED_VARIABLE = YES;
				IPHONEOS_DEPLOYMENT_TARGET = 11.2;
				MTL_ENABLE_DEBUG_INFO = YES;
				ONLY_ACTIVE_ARCH = YES;
				SDKROOT = iphoneos;
			};
			name = Debug;
		};
		AEF8D7781FE3BC84004637B9 /* Release */ = {
			isa = XCBuildConfiguration;
			buildSettings = {
				ALWAYS_SEARCH_USER_PATHS = NO;
				CLANG_ANALYZER_NONNULL = YES;
				CLANG_ANALYZER_NUMBER_OBJECT_CONVERSION = YES_AGGRESSIVE;
				CLANG_CXX_LANGUAGE_STANDARD = "gnu++14";
				CLANG_CXX_LIBRARY = "libc++";
				CLANG_ENABLE_MODULES = YES;
				CLANG_ENABLE_OBJC_ARC = YES;
				CLANG_WARN_BLOCK_CAPTURE_AUTORELEASING = YES;
				CLANG_WARN_BOOL_CONVERSION = YES;
				CLANG_WARN_COMMA = YES;
				CLANG_WARN_CONSTANT_CONVERSION = YES;
				CLANG_WARN_DIRECT_OBJC_ISA_USAGE = YES_ERROR;
				CLANG_WARN_DOCUMENTATION_COMMENTS = YES;
				CLANG_WARN_EMPTY_BODY = YES;
				CLANG_WARN_ENUM_CONVERSION = YES;
				CLANG_WARN_INFINITE_RECURSION = YES;
				CLANG_WARN_INT_CONVERSION = YES;
				CLANG_WARN_NON_LITERAL_NULL_CONVERSION = YES;
				CLANG_WARN_OBJC_LITERAL_CONVERSION = YES;
				CLANG_WARN_OBJC_ROOT_CLASS = YES_ERROR;
				CLANG_WARN_RANGE_LOOP_ANALYSIS = YES;
				CLANG_WARN_STRICT_PROTOTYPES = YES;
				CLANG_WARN_SUSPICIOUS_MOVE = YES;
				CLANG_WARN_UNGUARDED_AVAILABILITY = YES_AGGRESSIVE;
				CLANG_WARN_UNREACHABLE_CODE = YES;
				CLANG_WARN__DUPLICATE_METHOD_MATCH = YES;
				CODE_SIGN_IDENTITY = "iPhone Developer";
				COPY_PHASE_STRIP = NO;
				DEBUG_INFORMATION_FORMAT = "dwarf-with-dsym";
				ENABLE_NS_ASSERTIONS = NO;
				ENABLE_STRICT_OBJC_MSGSEND = YES;
				GCC_C_LANGUAGE_STANDARD = gnu11;
				GCC_NO_COMMON_BLOCKS = YES;
				GCC_WARN_64_TO_32_BIT_CONVERSION = YES;
				GCC_WARN_ABOUT_RETURN_TYPE = YES_ERROR;
				GCC_WARN_UNDECLARED_SELECTOR = YES;
				GCC_WARN_UNINITIALIZED_AUTOS = YES_AGGRESSIVE;
				GCC_WARN_UNUSED_FUNCTION = YES;
				GCC_WARN_UNUSED_VARIABLE = YES;
				IPHONEOS_DEPLOYMENT_TARGET = 11.2;
				MTL_ENABLE_DEBUG_INFO = NO;
				SDKROOT = iphoneos;
				VALIDATE_PRODUCT = YES;
			};
			name = Release;
		};
		AEF8D77A1FE3BC84004637B9 /* Debug */ = {
			isa = XCBuildConfiguration;
			buildSettings = {
				ASSETCATALOG_COMPILER_APPICON_NAME = AppIcon;
				CODE_SIGN_STYLE = Automatic;
				DEVELOPMENT_TEAM = LME682U793;
				INFOPLIST_FILE = "设计模式_OC/Info.plist";
				LD_RUNPATH_SEARCH_PATHS = "$(inherited) @executable_path/Frameworks";
				PRODUCT_BUNDLE_IDENTIFIER = "com.yotrolz.-----OC";
				PRODUCT_NAME = "$(TARGET_NAME)";
				TARGETED_DEVICE_FAMILY = "1,2";
			};
			name = Debug;
		};
		AEF8D77B1FE3BC84004637B9 /* Release */ = {
			isa = XCBuildConfiguration;
			buildSettings = {
				ASSETCATALOG_COMPILER_APPICON_NAME = AppIcon;
				CODE_SIGN_STYLE = Automatic;
				DEVELOPMENT_TEAM = LME682U793;
				INFOPLIST_FILE = "设计模式_OC/Info.plist";
				LD_RUNPATH_SEARCH_PATHS = "$(inherited) @executable_path/Frameworks";
				PRODUCT_BUNDLE_IDENTIFIER = "com.yotrolz.-----OC";
				PRODUCT_NAME = "$(TARGET_NAME)";
				TARGETED_DEVICE_FAMILY = "1,2";
			};
			name = Release;
		};
		AEF8D7941FE3BC9C004637B9 /* Debug */ = {
			isa = XCBuildConfiguration;
			buildSettings = {
				ASSETCATALOG_COMPILER_APPICON_NAME = AppIcon;
				CODE_SIGN_STYLE = Automatic;
				DEVELOPMENT_TEAM = LME682U793;
				INFOPLIST_FILE = "01_简单工厂模式/Info.plist";
				IPHONEOS_DEPLOYMENT_TARGET = 8.0;
				LD_RUNPATH_SEARCH_PATHS = "$(inherited) @executable_path/Frameworks";
				PRODUCT_BUNDLE_IDENTIFIER = "com.yotrolz.-1-------";
				PRODUCT_NAME = "$(TARGET_NAME)";
				TARGETED_DEVICE_FAMILY = "1,2";
			};
			name = Debug;
		};
		AEF8D7951FE3BC9C004637B9 /* Release */ = {
			isa = XCBuildConfiguration;
			buildSettings = {
				ASSETCATALOG_COMPILER_APPICON_NAME = AppIcon;
				CODE_SIGN_STYLE = Automatic;
				DEVELOPMENT_TEAM = LME682U793;
				INFOPLIST_FILE = "01_简单工厂模式/Info.plist";
				IPHONEOS_DEPLOYMENT_TARGET = 8.0;
				LD_RUNPATH_SEARCH_PATHS = "$(inherited) @executable_path/Frameworks";
				PRODUCT_BUNDLE_IDENTIFIER = "com.yotrolz.-1-------";
				PRODUCT_NAME = "$(TARGET_NAME)";
				TARGETED_DEVICE_FAMILY = "1,2";
			};
			name = Release;
		};
		AEF8D7C21FE3CF7C004637B9 /* Debug */ = {
			isa = XCBuildConfiguration;
			buildSettings = {
				ASSETCATALOG_COMPILER_APPICON_NAME = AppIcon;
				CODE_SIGN_STYLE = Automatic;
				DEVELOPMENT_TEAM = LME682U793;
				INFOPLIST_FILE = "02_工厂方法模式/Info.plist";
				LD_RUNPATH_SEARCH_PATHS = "$(inherited) @executable_path/Frameworks";
				PRODUCT_BUNDLE_IDENTIFIER = "com.yotrolz.-2-------";
				PRODUCT_NAME = "$(TARGET_NAME)";
				TARGETED_DEVICE_FAMILY = "1,2";
			};
			name = Debug;
		};
		AEF8D7C31FE3CF7C004637B9 /* Release */ = {
			isa = XCBuildConfiguration;
			buildSettings = {
				ASSETCATALOG_COMPILER_APPICON_NAME = AppIcon;
				CODE_SIGN_STYLE = Automatic;
				DEVELOPMENT_TEAM = LME682U793;
				INFOPLIST_FILE = "02_工厂方法模式/Info.plist";
				LD_RUNPATH_SEARCH_PATHS = "$(inherited) @executable_path/Frameworks";
				PRODUCT_BUNDLE_IDENTIFIER = "com.yotrolz.-2-------";
				PRODUCT_NAME = "$(TARGET_NAME)";
				TARGETED_DEVICE_FAMILY = "1,2";
			};
			name = Release;
		};
		AEF8D7F61FE50E4B004637B9 /* Debug */ = {
			isa = XCBuildConfiguration;
			buildSettings = {
				ASSETCATALOG_COMPILER_APPICON_NAME = AppIcon;
				CODE_SIGN_STYLE = Automatic;
				DEVELOPMENT_TEAM = LME682U793;
				INFOPLIST_FILE = "03_抽象工厂模式/Info.plist";
				LD_RUNPATH_SEARCH_PATHS = "$(inherited) @executable_path/Frameworks";
				PRODUCT_BUNDLE_IDENTIFIER = "com.yotrolz.-3-------";
				PRODUCT_NAME = "$(TARGET_NAME)";
				TARGETED_DEVICE_FAMILY = "1,2";
			};
			name = Debug;
		};
		AEF8D7F71FE50E4B004637B9 /* Release */ = {
			isa = XCBuildConfiguration;
			buildSettings = {
				ASSETCATALOG_COMPILER_APPICON_NAME = AppIcon;
				CODE_SIGN_STYLE = Automatic;
				DEVELOPMENT_TEAM = LME682U793;
				INFOPLIST_FILE = "03_抽象工厂模式/Info.plist";
				LD_RUNPATH_SEARCH_PATHS = "$(inherited) @executable_path/Frameworks";
				PRODUCT_BUNDLE_IDENTIFIER = "com.yotrolz.-3-------";
				PRODUCT_NAME = "$(TARGET_NAME)";
				TARGETED_DEVICE_FAMILY = "1,2";
			};
			name = Release;
		};
/* End XCBuildConfiguration section */

/* Begin XCConfigurationList section */
		AE759EDF1FE8AB530086298D /* Build configuration list for PBXNativeTarget "04_建造者模式" */ = {
			isa = XCConfigurationList;
			buildConfigurations = (
				AE759EDD1FE8AB530086298D /* Debug */,
				AE759EDE1FE8AB530086298D /* Release */,
			);
			defaultConfigurationIsVisible = 0;
			defaultConfigurationName = Release;
		};
		AEF8D75E1FE3BC84004637B9 /* Build configuration list for PBXProject "设计模式_OC" */ = {
			isa = XCConfigurationList;
			buildConfigurations = (
				AEF8D7771FE3BC84004637B9 /* Debug */,
				AEF8D7781FE3BC84004637B9 /* Release */,
			);
			defaultConfigurationIsVisible = 0;
			defaultConfigurationName = Release;
		};
		AEF8D7791FE3BC84004637B9 /* Build configuration list for PBXNativeTarget "设计模式_OC" */ = {
			isa = XCConfigurationList;
			buildConfigurations = (
				AEF8D77A1FE3BC84004637B9 /* Debug */,
				AEF8D77B1FE3BC84004637B9 /* Release */,
			);
			defaultConfigurationIsVisible = 0;
			defaultConfigurationName = Release;
		};
		AEF8D7931FE3BC9C004637B9 /* Build configuration list for PBXNativeTarget "01_简单工厂模式" */ = {
			isa = XCConfigurationList;
			buildConfigurations = (
				AEF8D7941FE3BC9C004637B9 /* Debug */,
				AEF8D7951FE3BC9C004637B9 /* Release */,
			);
			defaultConfigurationIsVisible = 0;
			defaultConfigurationName = Release;
		};
		AEF8D7C11FE3CF7C004637B9 /* Build configuration list for PBXNativeTarget "02_工厂方法模式" */ = {
			isa = XCConfigurationList;
			buildConfigurations = (
				AEF8D7C21FE3CF7C004637B9 /* Debug */,
				AEF8D7C31FE3CF7C004637B9 /* Release */,
			);
			defaultConfigurationIsVisible = 0;
			defaultConfigurationName = Release;
		};
		AEF8D7F51FE50E4B004637B9 /* Build configuration list for PBXNativeTarget "03_抽象工厂模式" */ = {
			isa = XCConfigurationList;
			buildConfigurations = (
				AEF8D7F61FE50E4B004637B9 /* Debug */,
				AEF8D7F71FE50E4B004637B9 /* Release */,
			);
			defaultConfigurationIsVisible = 0;
			defaultConfigurationName = Release;
		};
/* End XCConfigurationList section */
	};
	rootObject = AEF8D75B1FE3BC84004637B9 /* Project object */;
}
